
Microsoft Visual Studio Solution File, Format Version 12.00
# Visual Studio Version 17
VisualStudioVersion = 17.0.31903.59
MinimumVisualStudioVersion = 10.0.40219.1
Project("{FAE04EC0-301F-11D3-BF4B-00C04F79EFBC}") = "MonChenil", "MonChenil\MonChenil.csproj", "{0940E674-430B-45E4-9FA2-EB7344F0B96E}"
EndProject
Project("{FAE04EC0-301F-11D3-BF4B-00C04F79EFBC}") = "MonChenil.Tests", "MonChenil.Tests\MonChenil.Tests.csproj", "{D35BCF0B-B761-417E-8FED-3A1B367809A7}"
EndProject
Global
	GlobalSection(SolutionConfigurationPlatforms) = preSolution
		Debug|Any CPU = Debug|Any CPU
		Release|Any CPU = Release|Any CPU
	EndGlobalSection
	GlobalSection(ProjectConfigurationPlatforms) = postSolution
		{0940E674-430B-45E4-9FA2-EB7344F0B96E}.Debug|Any CPU.ActiveCfg = Debug|Any CPU
		{0940E674-430B-45E4-9FA2-EB7344F0B96E}.Debug|Any CPU.Build.0 = Debug|Any CPU
		{0940E674-430B-45E4-9FA2-EB7344F0B96E}.Release|Any CPU.ActiveCfg = Release|Any CPU
		{0940E674-430B-45E4-9FA2-EB7344F0B96E}.Release|Any CPU.Build.0 = Release|Any CPU
		{D35BCF0B-B761-417E-8FED-3A1B367809A7}.Debug|Any CPU.ActiveCfg = Debug|Any CPU
		{D35BCF0B-B761-417E-8FED-3A1B367809A7}.Debug|Any CPU.Build.0 = Debug|Any CPU
		{D35BCF0B-B761-417E-8FED-3A1B367809A7}.Release|Any CPU.ActiveCfg = Release|Any CPU
		{D35BCF0B-B761-417E-8FED-3A1B367809A7}.Release|Any CPU.Build.0 = Release|Any CPU
	EndGlobalSection
	GlobalSection(SolutionProperties) = preSolution
		HideSolutionNode = FALSE
	EndGlobalSection
EndGlobal
